
Microsoft Visual Studio Solution File, Format Version 11.00
# Visual Studio 2010
Project("{FAE04EC0-301F-11D3-BF4B-00C04F79EFBC}") = "PuppetMaster", "PADI-FS\PuppetMaster.csproj", "{B188A6E4-1D06-4072-9412-0A6711FEE585}"
EndProject
Project("{FAE04EC0-301F-11D3-BF4B-00C04F79EFBC}") = "DS", "..\DS\DS\DS.csproj", "{590BD5FD-26F7-4329-96B8-5713A35A8897}"
EndProject
Project("{FAE04EC0-301F-11D3-BF4B-00C04F79EFBC}") = "MS", "MS\MS.csproj", "{8D18A795-11C8-43E0-BD18-DE165C22561A}"
EndProject
Project("{FAE04EC0-301F-11D3-BF4B-00C04F79EFBC}") = "Client", "Client\Client.csproj", "{3AAF6AD4-20A4-4590-8AE9-D5D84021FA7D}"
EndProject
Project("{FAE04EC0-301F-11D3-BF4B-00C04F79EFBC}") = "CommonType", "CommonType\CommonType.csproj", "{0A17BAFD-C887-4C65-99CC-7D18BE0CEEDC}"
EndProject
Global
	GlobalSection(SolutionConfigurationPlatforms) = preSolution
		Debug|Any CPU = Debug|Any CPU
		Debug|Mixed Platforms = Debug|Mixed Platforms
		Debug|x86 = Debug|x86
		Release|Any CPU = Release|Any CPU
		Release|Mixed Platforms = Release|Mixed Platforms
		Release|x86 = Release|x86
	EndGlobalSection
	GlobalSection(ProjectConfigurationPlatforms) = postSolution
		{B188A6E4-1D06-4072-9412-0A6711FEE585}.Debug|Any CPU.ActiveCfg = Debug|x86
		{B188A6E4-1D06-4072-9412-0A6711FEE585}.Debug|Mixed Platforms.ActiveCfg = Debug|x86
		{B188A6E4-1D06-4072-9412-0A6711FEE585}.Debug|Mixed Platforms.Build.0 = Debug|x86
		{B188A6E4-1D06-4072-9412-0A6711FEE585}.Debug|x86.ActiveCfg = Debug|x86
		{B188A6E4-1D06-4072-9412-0A6711FEE585}.Debug|x86.Build.0 = Debug|x86
		{B188A6E4-1D06-4072-9412-0A6711FEE585}.Release|Any CPU.ActiveCfg = Release|x86
		{B188A6E4-1D06-4072-9412-0A6711FEE585}.Release|Mixed Platforms.ActiveCfg = Release|x86
		{B188A6E4-1D06-4072-9412-0A6711FEE585}.Release|Mixed Platforms.Build.0 = Release|x86
		{B188A6E4-1D06-4072-9412-0A6711FEE585}.Release|x86.ActiveCfg = Release|x86
		{B188A6E4-1D06-4072-9412-0A6711FEE585}.Release|x86.Build.0 = Release|x86
		{590BD5FD-26F7-4329-96B8-5713A35A8897}.Debug|Any CPU.ActiveCfg = Debug|x86
		{590BD5FD-26F7-4329-96B8-5713A35A8897}.Debug|Mixed Platforms.ActiveCfg = Debug|x86
		{590BD5FD-26F7-4329-96B8-5713A35A8897}.Debug|Mixed Platforms.Build.0 = Debug|x86
		{590BD5FD-26F7-4329-96B8-5713A35A8897}.Debug|x86.ActiveCfg = Debug|x86
		{590BD5FD-26F7-4329-96B8-5713A35A8897}.Debug|x86.Build.0 = Debug|x86
		{590BD5FD-26F7-4329-96B8-5713A35A8897}.Release|Any CPU.ActiveCfg = Release|x86
		{590BD5FD-26F7-4329-96B8-5713A35A8897}.Release|Mixed Platforms.ActiveCfg = Release|x86
		{590BD5FD-26F7-4329-96B8-5713A35A8897}.Release|Mixed Platforms.Build.0 = Release|x86
		{590BD5FD-26F7-4329-96B8-5713A35A8897}.Release|x86.ActiveCfg = Release|x86
		{590BD5FD-26F7-4329-96B8-5713A35A8897}.Release|x86.Build.0 = Release|x86
		{8D18A795-11C8-43E0-BD18-DE165C22561A}.Debug|Any CPU.ActiveCfg = Debug|x86
		{8D18A795-11C8-43E0-BD18-DE165C22561A}.Debug|Mixed Platforms.ActiveCfg = Debug|x86
		{8D18A795-11C8-43E0-BD18-DE165C22561A}.Debug|Mixed Platforms.Build.0 = Debug|x86
		{8D18A795-11C8-43E0-BD18-DE165C22561A}.Debug|x86.ActiveCfg = Debug|x86
		{8D18A795-11C8-43E0-BD18-DE165C22561A}.Debug|x86.Build.0 = Debug|x86
		{8D18A795-11C8-43E0-BD18-DE165C22561A}.Release|Any CPU.ActiveCfg = Release|x86
		{8D18A795-11C8-43E0-BD18-DE165C22561A}.Release|Mixed Platforms.ActiveCfg = Release|x86
		{8D18A795-11C8-43E0-BD18-DE165C22561A}.Release|Mixed Platforms.Build.0 = Release|x86
		{8D18A795-11C8-43E0-BD18-DE165C22561A}.Release|x86.ActiveCfg = Release|x86
		{8D18A795-11C8-43E0-BD18-DE165C22561A}.Release|x86.Build.0 = Release|x86
		{3AAF6AD4-20A4-4590-8AE9-D5D84021FA7D}.Debug|Any CPU.ActiveCfg = Debug|x86
		{3AAF6AD4-20A4-4590-8AE9-D5D84021FA7D}.Debug|Mixed Platforms.ActiveCfg = Debug|x86
		{3AAF6AD4-20A4-4590-8AE9-D5D84021FA7D}.Debug|Mixed Platforms.Build.0 = Debug|x86
		{3AAF6AD4-20A4-4590-8AE9-D5D84021FA7D}.Debug|x86.ActiveCfg = Debug|x86
		{3AAF6AD4-20A4-4590-8AE9-D5D84021FA7D}.Debug|x86.Build.0 = Debug|x86
		{3AAF6AD4-20A4-4590-8AE9-D5D84021FA7D}.Release|Any CPU.ActiveCfg = Release|x86
		{3AAF6AD4-20A4-4590-8AE9-D5D84021FA7D}.Release|Mixed Platforms.ActiveCfg = Release|x86
		{3AAF6AD4-20A4-4590-8AE9-D5D84021FA7D}.Release|Mixed Platforms.Build.0 = Release|x86
		{3AAF6AD4-20A4-4590-8AE9-D5D84021FA7D}.Release|x86.ActiveCfg = Release|x86
		{3AAF6AD4-20A4-4590-8AE9-D5D84021FA7D}.Release|x86.Build.0 = Release|x86
		{0A17BAFD-C887-4C65-99CC-7D18BE0CEEDC}.Debug|Any CPU.ActiveCfg = Debug|Any CPU
		{0A17BAFD-C887-4C65-99CC-7D18BE0CEEDC}.Debug|Any CPU.Build.0 = Debug|Any CPU
		{0A17BAFD-C887-4C65-99CC-7D18BE0CEEDC}.Debug|Mixed Platforms.ActiveCfg = Debug|Any CPU
		{0A17BAFD-C887-4C65-99CC-7D18BE0CEEDC}.Debug|Mixed Platforms.Build.0 = Debug|Any CPU
		{0A17BAFD-C887-4C65-99CC-7D18BE0CEEDC}.Debug|x86.ActiveCfg = Debug|Any CPU
		{0A17BAFD-C887-4C65-99CC-7D18BE0CEEDC}.Release|Any CPU.ActiveCfg = Release|Any CPU
		{0A17BAFD-C887-4C65-99CC-7D18BE0CEEDC}.Release|Any CPU.Build.0 = Release|Any CPU
		{0A17BAFD-C887-4C65-99CC-7D18BE0CEEDC}.Release|Mixed Platforms.ActiveCfg = Release|Any CPU
		{0A17BAFD-C887-4C65-99CC-7D18BE0CEEDC}.Release|Mixed Platforms.Build.0 = Release|Any CPU
		{0A17BAFD-C887-4C65-99CC-7D18BE0CEEDC}.Release|x86.ActiveCfg = Release|Any CPU
	EndGlobalSection
	GlobalSection(SolutionProperties) = preSolution
		HideSolutionNode = FALSE
	EndGlobalSection
EndGlobal
